
Microsoft Visual Studio Solution File, Format Version 12.00
Project("{FAE04EC0-301F-11D3-BF4B-00C04F79EFBC}") = "Lofi", "Lofi\Lofi.csproj", "{DE6AC9B7-4FE9-428D-9AC0-6D54C8D7F8B2}"
EndProject
Project("{2150E333-8FDC-42A3-9474-1A3956D46DE8}") = "Modules", "Modules", "{92F5C688-8573-4384-9B38-52EC39F5A9FE}"
EndProject
Project("{2150E333-8FDC-42A3-9474-1A3956D46DE8}") = "Yandex", "Yandex", "{36EB43CA-0965-49EE-85D4-C88645AEB205}"
EndProject
Project("{2150E333-8FDC-42A3-9474-1A3956D46DE8}") = "SoundCloud", "SoundCloud", "{5A774432-3A6B-4FEA-BE38-C4238D62B581}"
EndProject
Project("{2150E333-8FDC-42A3-9474-1A3956D46DE8}") = "VK", "VK", "{5448CDA5-B54F-473C-B05F-43BEE900B1DE}"
EndProject
Project("{2150E333-8FDC-42A3-9474-1A3956D46DE8}") = "Telegram", "Telegram", "{6489322F-362A-4E6F-9AFC-03A53D53B916}"
EndProject
Project("{2150E333-8FDC-42A3-9474-1A3956D46DE8}") = "Spotify", "Spotify", "{7BA20804-9B20-4EAC-8938-C6C95F71E591}"
EndProject
Project("{FAE04EC0-301F-11D3-BF4B-00C04F79EFBC}") = "SoundCloud.Music", "Modules\SoundCloud\SoundCloud.Music\SoundCloud.Music.csproj", "{ACE7AE58-8894-4995-A2B4-7CC2F8F90596}"
EndProject
Project("{FAE04EC0-301F-11D3-BF4B-00C04F79EFBC}") = "Spotify.Music", "Modules\Spotify\Spotify.Music\Spotify.Music.csproj", "{465CD4E7-D857-4E00-8775-20A98BC90284}"
EndProject
Project("{FAE04EC0-301F-11D3-BF4B-00C04F79EFBC}") = "Telegram.Music", "Modules\Telegram\Telegram.Music\Telegram.Music.csproj", "{F91D5195-7245-4FD4-A6A4-66A404BD5CE4}"
EndProject
Project("{FAE04EC0-301F-11D3-BF4B-00C04F79EFBC}") = "VK.Music", "Modules\VK\VK.Music\VK.Music.csproj", "{E1BE3C4D-F30C-4C5A-AED6-39C6E3887F92}"
EndProject
Project("{FAE04EC0-301F-11D3-BF4B-00C04F79EFBC}") = "Yandex.Music", "Modules\Yandex\Yandex.Music\Yandex.Music.csproj", "{F5BB15C4-7E09-4C64-93FB-BCCFFBF9A9B6}"
EndProject
Project("{FAE04EC0-301F-11D3-BF4B-00C04F79EFBC}") = "Lofy.Modules.Core", "Modules\Lofy.Modules.Core\Lofy.Modules.Core.csproj", "{968A9A84-AB74-459B-BD9A-9D61E854FC55}"
EndProject
Project("{FAE04EC0-301F-11D3-BF4B-00C04F79EFBC}") = "Lofty.Modules.BddTests", "Modules\Lofty.Modules.BddTests\Lofty.Modules.BddTests.csproj", "{DE0B5ADF-B235-4E32-85B8-252EB2130E5B}"
EndProject
Project("{FAE04EC0-301F-11D3-BF4B-00C04F79EFBC}") = "Lofi.Simple", "Lofi.Simple\Lofi.Simple.csproj", "{1B258E37-3ACB-432A-987F-A72E4F2F012E}"
EndProject
Project("{FAE04EC0-301F-11D3-BF4B-00C04F79EFBC}") = "Yandex.Music.Bot", "Modules\Yandex\Yandex.Music.Bot\Yandex.Music.Bot.csproj", "{DDD34D7A-B589-4FB3-93FC-E939BEC03BA1}"
EndProject
Global
	GlobalSection(SolutionConfigurationPlatforms) = preSolution
		Debug|Any CPU = Debug|Any CPU
		Release|Any CPU = Release|Any CPU
	EndGlobalSection
	GlobalSection(ProjectConfigurationPlatforms) = postSolution
		{DE6AC9B7-4FE9-428D-9AC0-6D54C8D7F8B2}.Debug|Any CPU.ActiveCfg = Debug|Any CPU
		{DE6AC9B7-4FE9-428D-9AC0-6D54C8D7F8B2}.Debug|Any CPU.Build.0 = Debug|Any CPU
		{DE6AC9B7-4FE9-428D-9AC0-6D54C8D7F8B2}.Release|Any CPU.ActiveCfg = Release|Any CPU
		{DE6AC9B7-4FE9-428D-9AC0-6D54C8D7F8B2}.Release|Any CPU.Build.0 = Release|Any CPU
		{ACE7AE58-8894-4995-A2B4-7CC2F8F90596}.Debug|Any CPU.ActiveCfg = Debug|Any CPU
		{ACE7AE58-8894-4995-A2B4-7CC2F8F90596}.Debug|Any CPU.Build.0 = Debug|Any CPU
		{ACE7AE58-8894-4995-A2B4-7CC2F8F90596}.Release|Any CPU.ActiveCfg = Release|Any CPU
		{ACE7AE58-8894-4995-A2B4-7CC2F8F90596}.Release|Any CPU.Build.0 = Release|Any CPU
		{465CD4E7-D857-4E00-8775-20A98BC90284}.Debug|Any CPU.ActiveCfg = Debug|Any CPU
		{465CD4E7-D857-4E00-8775-20A98BC90284}.Debug|Any CPU.Build.0 = Debug|Any CPU
		{465CD4E7-D857-4E00-8775-20A98BC90284}.Release|Any CPU.ActiveCfg = Release|Any CPU
		{465CD4E7-D857-4E00-8775-20A98BC90284}.Release|Any CPU.Build.0 = Release|Any CPU
		{F91D5195-7245-4FD4-A6A4-66A404BD5CE4}.Debug|Any CPU.ActiveCfg = Debug|Any CPU
		{F91D5195-7245-4FD4-A6A4-66A404BD5CE4}.Debug|Any CPU.Build.0 = Debug|Any CPU
		{F91D5195-7245-4FD4-A6A4-66A404BD5CE4}.Release|Any CPU.ActiveCfg = Release|Any CPU
		{F91D5195-7245-4FD4-A6A4-66A404BD5CE4}.Release|Any CPU.Build.0 = Release|Any CPU
		{E1BE3C4D-F30C-4C5A-AED6-39C6E3887F92}.Debug|Any CPU.ActiveCfg = Debug|Any CPU
		{E1BE3C4D-F30C-4C5A-AED6-39C6E3887F92}.Debug|Any CPU.Build.0 = Debug|Any CPU
		{E1BE3C4D-F30C-4C5A-AED6-39C6E3887F92}.Release|Any CPU.ActiveCfg = Release|Any CPU
		{E1BE3C4D-F30C-4C5A-AED6-39C6E3887F92}.Release|Any CPU.Build.0 = Release|Any CPU
		{F5BB15C4-7E09-4C64-93FB-BCCFFBF9A9B6}.Debug|Any CPU.ActiveCfg = Debug|Any CPU
		{F5BB15C4-7E09-4C64-93FB-BCCFFBF9A9B6}.Debug|Any CPU.Build.0 = Debug|Any CPU
		{F5BB15C4-7E09-4C64-93FB-BCCFFBF9A9B6}.Release|Any CPU.ActiveCfg = Release|Any CPU
		{F5BB15C4-7E09-4C64-93FB-BCCFFBF9A9B6}.Release|Any CPU.Build.0 = Release|Any CPU
		{968A9A84-AB74-459B-BD9A-9D61E854FC55}.Debug|Any CPU.ActiveCfg = Debug|Any CPU
		{968A9A84-AB74-459B-BD9A-9D61E854FC55}.Debug|Any CPU.Build.0 = Debug|Any CPU
		{968A9A84-AB74-459B-BD9A-9D61E854FC55}.Release|Any CPU.ActiveCfg = Release|Any CPU
		{968A9A84-AB74-459B-BD9A-9D61E854FC55}.Release|Any CPU.Build.0 = Release|Any CPU
		{DE0B5ADF-B235-4E32-85B8-252EB2130E5B}.Debug|Any CPU.ActiveCfg = Debug|Any CPU
		{DE0B5ADF-B235-4E32-85B8-252EB2130E5B}.Debug|Any CPU.Build.0 = Debug|Any CPU
		{DE0B5ADF-B235-4E32-85B8-252EB2130E5B}.Release|Any CPU.ActiveCfg = Release|Any CPU
		{DE0B5ADF-B235-4E32-85B8-252EB2130E5B}.Release|Any CPU.Build.0 = Release|Any CPU
		{1B258E37-3ACB-432A-987F-A72E4F2F012E}.Debug|Any CPU.ActiveCfg = Debug|Any CPU
		{1B258E37-3ACB-432A-987F-A72E4F2F012E}.Debug|Any CPU.Build.0 = Debug|Any CPU
		{1B258E37-3ACB-432A-987F-A72E4F2F012E}.Release|Any CPU.ActiveCfg = Release|Any CPU
		{1B258E37-3ACB-432A-987F-A72E4F2F012E}.Release|Any CPU.Build.0 = Release|Any CPU
		{DDD34D7A-B589-4FB3-93FC-E939BEC03BA1}.Debug|Any CPU.ActiveCfg = Debug|Any CPU
		{DDD34D7A-B589-4FB3-93FC-E939BEC03BA1}.Debug|Any CPU.Build.0 = Debug|Any CPU
		{DDD34D7A-B589-4FB3-93FC-E939BEC03BA1}.Release|Any CPU.ActiveCfg = Release|Any CPU
		{DDD34D7A-B589-4FB3-93FC-E939BEC03BA1}.Release|Any CPU.Build.0 = Release|Any CPU
	EndGlobalSection
	GlobalSection(NestedProjects) = preSolution
		{36EB43CA-0965-49EE-85D4-C88645AEB205} = {92F5C688-8573-4384-9B38-52EC39F5A9FE}
		{5A774432-3A6B-4FEA-BE38-C4238D62B581} = {92F5C688-8573-4384-9B38-52EC39F5A9FE}
		{5448CDA5-B54F-473C-B05F-43BEE900B1DE} = {92F5C688-8573-4384-9B38-52EC39F5A9FE}
		{6489322F-362A-4E6F-9AFC-03A53D53B916} = {92F5C688-8573-4384-9B38-52EC39F5A9FE}
		{7BA20804-9B20-4EAC-8938-C6C95F71E591} = {92F5C688-8573-4384-9B38-52EC39F5A9FE}
		{ACE7AE58-8894-4995-A2B4-7CC2F8F90596} = {5A774432-3A6B-4FEA-BE38-C4238D62B581}
		{465CD4E7-D857-4E00-8775-20A98BC90284} = {7BA20804-9B20-4EAC-8938-C6C95F71E591}
		{F91D5195-7245-4FD4-A6A4-66A404BD5CE4} = {6489322F-362A-4E6F-9AFC-03A53D53B916}
		{E1BE3C4D-F30C-4C5A-AED6-39C6E3887F92} = {5448CDA5-B54F-473C-B05F-43BEE900B1DE}
		{F5BB15C4-7E09-4C64-93FB-BCCFFBF9A9B6} = {36EB43CA-0965-49EE-85D4-C88645AEB205}
		{968A9A84-AB74-459B-BD9A-9D61E854FC55} = {92F5C688-8573-4384-9B38-52EC39F5A9FE}
		{DE0B5ADF-B235-4E32-85B8-252EB2130E5B} = {92F5C688-8573-4384-9B38-52EC39F5A9FE}
		{DDD34D7A-B589-4FB3-93FC-E939BEC03BA1} = {36EB43CA-0965-49EE-85D4-C88645AEB205}
	EndGlobalSection
EndGlobal
